
Microsoft Visual Studio Solution File, Format Version 12.00
# Visual Studio 15
VisualStudioVersion = 15.0.26430.13
MinimumVisualStudioVersion = 10.0.40219.1
Project("{9A19103F-16F7-4668-BE54-9A1E7A4F7556}") = "DnD", "DnD\DnD.csproj", "{4993BFEA-D789-4107-8839-D2BAB62CF546}"
EndProject
Project("{9A19103F-16F7-4668-BE54-9A1E7A4F7556}") = "WebClient", "WebClient\WebClient.csproj", "{E14EC7F7-F432-47BC-A1C0-F33742D8650F}"
EndProject
Project("{FAE04EC0-301F-11D3-BF4B-00C04F79EFBC}") = "DnD.Tests", "DnD.Tests\DnD.Tests.csproj", "{747B7B0D-FC8C-49D2-8867-05D6CBBEB569}"
EndProject
Global
	GlobalSection(SolutionConfigurationPlatforms) = preSolution
		Debug|Any CPU = Debug|Any CPU
		Release|Any CPU = Release|Any CPU
	EndGlobalSection
	GlobalSection(ProjectConfigurationPlatforms) = postSolution
		{4993BFEA-D789-4107-8839-D2BAB62CF546}.Debug|Any CPU.ActiveCfg = Debug|Any CPU
		{4993BFEA-D789-4107-8839-D2BAB62CF546}.Debug|Any CPU.Build.0 = Debug|Any CPU
		{4993BFEA-D789-4107-8839-D2BAB62CF546}.Release|Any CPU.ActiveCfg = Release|Any CPU
		{4993BFEA-D789-4107-8839-D2BAB62CF546}.Release|Any CPU.Build.0 = Release|Any CPU
		{E14EC7F7-F432-47BC-A1C0-F33742D8650F}.Debug|Any CPU.ActiveCfg = Debug|Any CPU
		{E14EC7F7-F432-47BC-A1C0-F33742D8650F}.Debug|Any CPU.Build.0 = Debug|Any CPU
		{E14EC7F7-F432-47BC-A1C0-F33742D8650F}.Release|Any CPU.ActiveCfg = Release|Any CPU
		{E14EC7F7-F432-47BC-A1C0-F33742D8650F}.Release|Any CPU.Build.0 = Release|Any CPU
		{747B7B0D-FC8C-49D2-8867-05D6CBBEB569}.Debug|Any CPU.ActiveCfg = Debug|Any CPU
		{747B7B0D-FC8C-49D2-8867-05D6CBBEB569}.Debug|Any CPU.Build.0 = Debug|Any CPU
		{747B7B0D-FC8C-49D2-8867-05D6CBBEB569}.Release|Any CPU.ActiveCfg = Release|Any CPU
		{747B7B0D-FC8C-49D2-8867-05D6CBBEB569}.Release|Any CPU.Build.0 = Release|Any CPU
	EndGlobalSection
	GlobalSection(SolutionProperties) = preSolution
		HideSolutionNode = FALSE
	EndGlobalSection
EndGlobal
